
Microsoft Visual Studio Solution File, Format Version 12.00
# Visual Studio Version 16
VisualStudioVersion = 16.0.30114.105
MinimumVisualStudioVersion = 10.0.40219.1
Project("{FAE04EC0-301F-11D3-BF4B-00C04F79EFBC}") = "backtesting-engine", "src\backtesting\backtesting-engine.csproj", "{4AAF31D8-3E05-4A30-80D7-6D8B628C40AE}"
EndProject
Project("{FAE04EC0-301F-11D3-BF4B-00C04F79EFBC}") = "test", "tests\test.csproj", "{2FFC25A3-52B6-4B71-BAF2-DF3F0EBD1F1F}"
EndProject
Project("{2150E333-8FDC-42A3-9474-1A3956D46DE8}") = "src", "src", "{4F84F448-37AE-4FC0-9564-8251BBD07C32}"
EndProject
Project("{FAE04EC0-301F-11D3-BF4B-00C04F79EFBC}") = "interfaces", "src\interfaces\interfaces.csproj", "{A7D8F3D6-085B-4E19-B705-AE10822A7072}"
EndProject
Project("{FAE04EC0-301F-11D3-BF4B-00C04F79EFBC}") = "models", "src\models\models.csproj", "{1D199C0E-9C48-4C88-8453-BA193C89C708}"
EndProject
Project("{FAE04EC0-301F-11D3-BF4B-00C04F79EFBC}") = "strategies", "src\strategies\strategies.csproj", "{C3AF2D88-D89A-49A3-BEEF-BC90AD8B04B8}"
EndProject
Project("{FAE04EC0-301F-11D3-BF4B-00C04F79EFBC}") = "utilities", "src\utilities\utilities.csproj", "{DAB21E0F-D2A8-43A2-9034-D270E645300D}"
EndProject
Global
	GlobalSection(SolutionConfigurationPlatforms) = preSolution
		Debug|Any CPU = Debug|Any CPU
		Release|Any CPU = Release|Any CPU
	EndGlobalSection
	GlobalSection(SolutionProperties) = preSolution
		HideSolutionNode = FALSE
	EndGlobalSection
	GlobalSection(ProjectConfigurationPlatforms) = postSolution
		{4AAF31D8-3E05-4A30-80D7-6D8B628C40AE}.Debug|Any CPU.ActiveCfg = Debug|Any CPU
		{4AAF31D8-3E05-4A30-80D7-6D8B628C40AE}.Debug|Any CPU.Build.0 = Debug|Any CPU
		{4AAF31D8-3E05-4A30-80D7-6D8B628C40AE}.Release|Any CPU.ActiveCfg = Release|Any CPU
		{4AAF31D8-3E05-4A30-80D7-6D8B628C40AE}.Release|Any CPU.Build.0 = Release|Any CPU
		{2FFC25A3-52B6-4B71-BAF2-DF3F0EBD1F1F}.Debug|Any CPU.ActiveCfg = Debug|Any CPU
		{2FFC25A3-52B6-4B71-BAF2-DF3F0EBD1F1F}.Debug|Any CPU.Build.0 = Debug|Any CPU
		{2FFC25A3-52B6-4B71-BAF2-DF3F0EBD1F1F}.Release|Any CPU.ActiveCfg = Release|Any CPU
		{2FFC25A3-52B6-4B71-BAF2-DF3F0EBD1F1F}.Release|Any CPU.Build.0 = Release|Any CPU
		{A7D8F3D6-085B-4E19-B705-AE10822A7072}.Debug|Any CPU.ActiveCfg = Debug|Any CPU
		{A7D8F3D6-085B-4E19-B705-AE10822A7072}.Debug|Any CPU.Build.0 = Debug|Any CPU
		{A7D8F3D6-085B-4E19-B705-AE10822A7072}.Release|Any CPU.ActiveCfg = Release|Any CPU
		{A7D8F3D6-085B-4E19-B705-AE10822A7072}.Release|Any CPU.Build.0 = Release|Any CPU
		{1D199C0E-9C48-4C88-8453-BA193C89C708}.Debug|Any CPU.ActiveCfg = Debug|Any CPU
		{1D199C0E-9C48-4C88-8453-BA193C89C708}.Debug|Any CPU.Build.0 = Debug|Any CPU
		{1D199C0E-9C48-4C88-8453-BA193C89C708}.Release|Any CPU.ActiveCfg = Release|Any CPU
		{1D199C0E-9C48-4C88-8453-BA193C89C708}.Release|Any CPU.Build.0 = Release|Any CPU
		{C3AF2D88-D89A-49A3-BEEF-BC90AD8B04B8}.Debug|Any CPU.ActiveCfg = Debug|Any CPU
		{C3AF2D88-D89A-49A3-BEEF-BC90AD8B04B8}.Debug|Any CPU.Build.0 = Debug|Any CPU
		{C3AF2D88-D89A-49A3-BEEF-BC90AD8B04B8}.Release|Any CPU.ActiveCfg = Release|Any CPU
		{C3AF2D88-D89A-49A3-BEEF-BC90AD8B04B8}.Release|Any CPU.Build.0 = Release|Any CPU
		{DAB21E0F-D2A8-43A2-9034-D270E645300D}.Debug|Any CPU.ActiveCfg = Debug|Any CPU
		{DAB21E0F-D2A8-43A2-9034-D270E645300D}.Debug|Any CPU.Build.0 = Debug|Any CPU
		{DAB21E0F-D2A8-43A2-9034-D270E645300D}.Release|Any CPU.ActiveCfg = Release|Any CPU
		{DAB21E0F-D2A8-43A2-9034-D270E645300D}.Release|Any CPU.Build.0 = Release|Any CPU
	EndGlobalSection
	GlobalSection(NestedProjects) = preSolution
		{A7D8F3D6-085B-4E19-B705-AE10822A7072} = {4F84F448-37AE-4FC0-9564-8251BBD07C32}
		{1D199C0E-9C48-4C88-8453-BA193C89C708} = {4F84F448-37AE-4FC0-9564-8251BBD07C32}
		{C3AF2D88-D89A-49A3-BEEF-BC90AD8B04B8} = {4F84F448-37AE-4FC0-9564-8251BBD07C32}
		{DAB21E0F-D2A8-43A2-9034-D270E645300D} = {4F84F448-37AE-4FC0-9564-8251BBD07C32}
	EndGlobalSection
EndGlobal
