
Microsoft Visual Studio Solution File, Format Version 12.00
# Visual Studio Version 16
VisualStudioVersion = 16.0.30114.105
MinimumVisualStudioVersion = 10.0.40219.1
Project("{2150E333-8FDC-42A3-9474-1A3956D46DE8}") = "src", "src", "{34DC4AAB-D45F-424A-AC69-30631C0F870A}"
EndProject
Project("{FAE04EC0-301F-11D3-BF4B-00C04F79EFBC}") = "backtesting-engine", "src\backtesting\backtesting-engine.csproj", "{A1E8C629-D887-45F8-A4F9-41AA2B64A9D0}"
EndProject
Project("{FAE04EC0-301F-11D3-BF4B-00C04F79EFBC}") = "interfaces", "src\interfaces\interfaces.csproj", "{230D296C-4E8B-4E3F-BE23-CB99D9818E77}"
EndProject
Project("{2150E333-8FDC-42A3-9474-1A3956D46DE8}") = "live", "live", "{104C4FAE-5AE5-49EB-BDCE-15CCE3D1D058}"
EndProject
Project("{2150E333-8FDC-42A3-9474-1A3956D46DE8}") = "ingest", "ingest", "{3D53D1C2-65DC-4FE7-8311-C1BDBFF24989}"
EndProject
Project("{FAE04EC0-301F-11D3-BF4B-00C04F79EFBC}") = "ingest", "src\live\ingest\src\ingest.csproj", "{7B4CDB5A-BFFE-458C-9602-C183039FCF9E}"
EndProject
Project("{FAE04EC0-301F-11D3-BF4B-00C04F79EFBC}") = "models", "src\models\models.csproj", "{D202732F-B3CC-43A8-B190-84484B64C35D}"
EndProject
Project("{FAE04EC0-301F-11D3-BF4B-00C04F79EFBC}") = "strategies", "src\strategies\strategies.csproj", "{802C0BC2-75BC-44A3-BCD2-539947B7D345}"
EndProject
Project("{FAE04EC0-301F-11D3-BF4B-00C04F79EFBC}") = "utilities", "src\utilities\utilities.csproj", "{373C9641-BF7E-4873-B653-F31F97B183C6}"
EndProject
Project("{FAE04EC0-301F-11D3-BF4B-00C04F79EFBC}") = "test", "tests\test.csproj", "{AA34B532-DB36-4247-BB9E-306B2D876A32}"
EndProject
Project("{2150E333-8FDC-42A3-9474-1A3956D46DE8}") = "test", "test", "{76ABF554-EC51-4EA3-899F-B0387990D11C}"
EndProject
Project("{FAE04EC0-301F-11D3-BF4B-00C04F79EFBC}") = "ingest.Tests", "src\live\ingest\test\ingest.Tests.csproj", "{9309B617-28FB-4D1B-ACF3-C9E84531C104}"
EndProject
Global
	GlobalSection(SolutionConfigurationPlatforms) = preSolution
		Debug|Any CPU = Debug|Any CPU
		Release|Any CPU = Release|Any CPU
	EndGlobalSection
	GlobalSection(SolutionProperties) = preSolution
		HideSolutionNode = FALSE
	EndGlobalSection
	GlobalSection(ProjectConfigurationPlatforms) = postSolution
		{A1E8C629-D887-45F8-A4F9-41AA2B64A9D0}.Debug|Any CPU.ActiveCfg = Debug|Any CPU
		{A1E8C629-D887-45F8-A4F9-41AA2B64A9D0}.Debug|Any CPU.Build.0 = Debug|Any CPU
		{A1E8C629-D887-45F8-A4F9-41AA2B64A9D0}.Release|Any CPU.ActiveCfg = Release|Any CPU
		{A1E8C629-D887-45F8-A4F9-41AA2B64A9D0}.Release|Any CPU.Build.0 = Release|Any CPU
		{230D296C-4E8B-4E3F-BE23-CB99D9818E77}.Debug|Any CPU.ActiveCfg = Debug|Any CPU
		{230D296C-4E8B-4E3F-BE23-CB99D9818E77}.Debug|Any CPU.Build.0 = Debug|Any CPU
		{230D296C-4E8B-4E3F-BE23-CB99D9818E77}.Release|Any CPU.ActiveCfg = Release|Any CPU
		{230D296C-4E8B-4E3F-BE23-CB99D9818E77}.Release|Any CPU.Build.0 = Release|Any CPU
		{7B4CDB5A-BFFE-458C-9602-C183039FCF9E}.Debug|Any CPU.ActiveCfg = Debug|Any CPU
		{7B4CDB5A-BFFE-458C-9602-C183039FCF9E}.Debug|Any CPU.Build.0 = Debug|Any CPU
		{7B4CDB5A-BFFE-458C-9602-C183039FCF9E}.Release|Any CPU.ActiveCfg = Release|Any CPU
		{7B4CDB5A-BFFE-458C-9602-C183039FCF9E}.Release|Any CPU.Build.0 = Release|Any CPU
		{D202732F-B3CC-43A8-B190-84484B64C35D}.Debug|Any CPU.ActiveCfg = Debug|Any CPU
		{D202732F-B3CC-43A8-B190-84484B64C35D}.Debug|Any CPU.Build.0 = Debug|Any CPU
		{D202732F-B3CC-43A8-B190-84484B64C35D}.Release|Any CPU.ActiveCfg = Release|Any CPU
		{D202732F-B3CC-43A8-B190-84484B64C35D}.Release|Any CPU.Build.0 = Release|Any CPU
		{802C0BC2-75BC-44A3-BCD2-539947B7D345}.Debug|Any CPU.ActiveCfg = Debug|Any CPU
		{802C0BC2-75BC-44A3-BCD2-539947B7D345}.Debug|Any CPU.Build.0 = Debug|Any CPU
		{802C0BC2-75BC-44A3-BCD2-539947B7D345}.Release|Any CPU.ActiveCfg = Release|Any CPU
		{802C0BC2-75BC-44A3-BCD2-539947B7D345}.Release|Any CPU.Build.0 = Release|Any CPU
		{373C9641-BF7E-4873-B653-F31F97B183C6}.Debug|Any CPU.ActiveCfg = Debug|Any CPU
		{373C9641-BF7E-4873-B653-F31F97B183C6}.Debug|Any CPU.Build.0 = Debug|Any CPU
		{373C9641-BF7E-4873-B653-F31F97B183C6}.Release|Any CPU.ActiveCfg = Release|Any CPU
		{373C9641-BF7E-4873-B653-F31F97B183C6}.Release|Any CPU.Build.0 = Release|Any CPU
		{AA34B532-DB36-4247-BB9E-306B2D876A32}.Debug|Any CPU.ActiveCfg = Debug|Any CPU
		{AA34B532-DB36-4247-BB9E-306B2D876A32}.Debug|Any CPU.Build.0 = Debug|Any CPU
		{AA34B532-DB36-4247-BB9E-306B2D876A32}.Release|Any CPU.ActiveCfg = Release|Any CPU
		{AA34B532-DB36-4247-BB9E-306B2D876A32}.Release|Any CPU.Build.0 = Release|Any CPU
		{9309B617-28FB-4D1B-ACF3-C9E84531C104}.Debug|Any CPU.ActiveCfg = Debug|Any CPU
		{9309B617-28FB-4D1B-ACF3-C9E84531C104}.Debug|Any CPU.Build.0 = Debug|Any CPU
		{9309B617-28FB-4D1B-ACF3-C9E84531C104}.Release|Any CPU.ActiveCfg = Release|Any CPU
		{9309B617-28FB-4D1B-ACF3-C9E84531C104}.Release|Any CPU.Build.0 = Release|Any CPU
	EndGlobalSection
	GlobalSection(NestedProjects) = preSolution
		{A1E8C629-D887-45F8-A4F9-41AA2B64A9D0} = {34DC4AAB-D45F-424A-AC69-30631C0F870A}
		{230D296C-4E8B-4E3F-BE23-CB99D9818E77} = {34DC4AAB-D45F-424A-AC69-30631C0F870A}
		{104C4FAE-5AE5-49EB-BDCE-15CCE3D1D058} = {34DC4AAB-D45F-424A-AC69-30631C0F870A}
		{3D53D1C2-65DC-4FE7-8311-C1BDBFF24989} = {104C4FAE-5AE5-49EB-BDCE-15CCE3D1D058}
		{7B4CDB5A-BFFE-458C-9602-C183039FCF9E} = {3D53D1C2-65DC-4FE7-8311-C1BDBFF24989}
		{D202732F-B3CC-43A8-B190-84484B64C35D} = {34DC4AAB-D45F-424A-AC69-30631C0F870A}
		{802C0BC2-75BC-44A3-BCD2-539947B7D345} = {34DC4AAB-D45F-424A-AC69-30631C0F870A}
		{373C9641-BF7E-4873-B653-F31F97B183C6} = {34DC4AAB-D45F-424A-AC69-30631C0F870A}
		{76ABF554-EC51-4EA3-899F-B0387990D11C} = {3D53D1C2-65DC-4FE7-8311-C1BDBFF24989}
		{9309B617-28FB-4D1B-ACF3-C9E84531C104} = {3D53D1C2-65DC-4FE7-8311-C1BDBFF24989}
	EndGlobalSection
EndGlobal
